
Microsoft Visual Studio Solution File, Format Version 12.00
# Visual Studio 15
VisualStudioVersion = 15.0.26730.12
MinimumVisualStudioVersion = 10.0.40219.1
Project("{FAE04EC0-301F-11D3-BF4B-00C04F79EFBC}") = "VipMessageBox", "VipMessageBox\VipMessageBox.csproj", "{010A7391-FF56-4542-B89F-6A27C9E515FE}"
EndProject
Project("{FAE04EC0-301F-11D3-BF4B-00C04F79EFBC}") = "VipMessageBox.Demo", "VipMessageBox.Demo\VipMessageBox.Demo.csproj", "{50156BF3-B0E9-4B6E-981F-98D0176B16F5}"
EndProject
Global
	GlobalSection(SolutionConfigurationPlatforms) = preSolution
		Debug|Any CPU = Debug|Any CPU
		Release|Any CPU = Release|Any CPU
	EndGlobalSection
	GlobalSection(ProjectConfigurationPlatforms) = postSolution
		{010A7391-FF56-4542-B89F-6A27C9E515FE}.Debug|Any CPU.ActiveCfg = Debug|Any CPU
		{010A7391-FF56-4542-B89F-6A27C9E515FE}.Debug|Any CPU.Build.0 = Debug|Any CPU
		{010A7391-FF56-4542-B89F-6A27C9E515FE}.Release|Any CPU.ActiveCfg = Release|Any CPU
		{010A7391-FF56-4542-B89F-6A27C9E515FE}.Release|Any CPU.Build.0 = Release|Any CPU
		{50156BF3-B0E9-4B6E-981F-98D0176B16F5}.Debug|Any CPU.ActiveCfg = Debug|Any CPU
		{50156BF3-B0E9-4B6E-981F-98D0176B16F5}.Debug|Any CPU.Build.0 = Debug|Any CPU
		{50156BF3-B0E9-4B6E-981F-98D0176B16F5}.Release|Any CPU.ActiveCfg = Release|Any CPU
		{50156BF3-B0E9-4B6E-981F-98D0176B16F5}.Release|Any CPU.Build.0 = Release|Any CPU
	EndGlobalSection
	GlobalSection(SolutionProperties) = preSolution
		HideSolutionNode = FALSE
	EndGlobalSection
	GlobalSection(ExtensibilityGlobals) = postSolution
		SolutionGuid = {07F869D0-11A2-41FB-BE38-E74433887B6E}
	EndGlobalSection
EndGlobal
